
Microsoft Visual Studio Solution File, Format Version 12.00
# Visual Studio Version 17
VisualStudioVersion = 17.2.32526.322
MinimumVisualStudioVersion = 10.0.40219.1
Project("{FAE04EC0-301F-11D3-BF4B-00C04F79EFBC}") = "rtuSayacOkuma", "rtuSayacOkuma\rtuSayacOkuma.csproj", "{38DD72EB-6595-4DDF-BAF6-3F70D0018F70}"
EndProject
Global
	GlobalSection(SolutionConfigurationPlatforms) = preSolution
		Debug|Any CPU = Debug|Any CPU
		Release|Any CPU = Release|Any CPU
	EndGlobalSection
	GlobalSection(ProjectConfigurationPlatforms) = postSolution
		{38DD72EB-6595-4DDF-BAF6-3F70D0018F70}.Debug|Any CPU.ActiveCfg = Debug|Any CPU
		{38DD72EB-6595-4DDF-BAF6-3F70D0018F70}.Debug|Any CPU.Build.0 = Debug|Any CPU
		{38DD72EB-6595-4DDF-BAF6-3F70D0018F70}.Release|Any CPU.ActiveCfg = Release|Any CPU
		{38DD72EB-6595-4DDF-BAF6-3F70D0018F70}.Release|Any CPU.Build.0 = Release|Any CPU
	EndGlobalSection
	GlobalSection(SolutionProperties) = preSolution
		HideSolutionNode = FALSE
	EndGlobalSection
	GlobalSection(ExtensibilityGlobals) = postSolution
		SolutionGuid = {CC7EE950-9AD2-4773-BD35-3FF1DB945D6D}
	EndGlobalSection
EndGlobal
