
Microsoft Visual Studio Solution File, Format Version 12.00
# Visual Studio Version 17
VisualStudioVersion = 17.2.32526.322
MinimumVisualStudioVersion = 10.0.40219.1
Project("{FAE04EC0-301F-11D3-BF4B-00C04F79EFBC}") = "rtuSayacMqtt", "rtuSayacMqtt\rtuSayacMqtt.csproj", "{FF673AD5-B7F0-41CD-9D79-60977B7D925B}"
EndProject
Global
	GlobalSection(SolutionConfigurationPlatforms) = preSolution
		Debug|Any CPU = Debug|Any CPU
		Release|Any CPU = Release|Any CPU
	EndGlobalSection
	GlobalSection(ProjectConfigurationPlatforms) = postSolution
		{FF673AD5-B7F0-41CD-9D79-60977B7D925B}.Debug|Any CPU.ActiveCfg = Debug|Any CPU
		{FF673AD5-B7F0-41CD-9D79-60977B7D925B}.Debug|Any CPU.Build.0 = Debug|Any CPU
		{FF673AD5-B7F0-41CD-9D79-60977B7D925B}.Release|Any CPU.ActiveCfg = Release|Any CPU
		{FF673AD5-B7F0-41CD-9D79-60977B7D925B}.Release|Any CPU.Build.0 = Release|Any CPU
	EndGlobalSection
	GlobalSection(SolutionProperties) = preSolution
		HideSolutionNode = FALSE
	EndGlobalSection
	GlobalSection(ExtensibilityGlobals) = postSolution
		SolutionGuid = {280D6ED5-A9E4-495A-BD33-33014D683BA1}
	EndGlobalSection
EndGlobal
